Microsoft Visual Studio Solution File, Format Version 12.00
# Visual Studio Version 17
VisualStudioVersion = 17.5.2.0
MinimumVisualStudioVersion = 10.0.40219.1
Project("{FAE04EC0-301F-11D3-BF4B-00C04F79EFBC}") = "Beauty_Salon", "Beauty_Salon.csproj", "{C807AF94-C84F-CEAD-ED35-11784D0637D5}"
EndProject
Global
	GlobalSection(SolutionConfigurationPlatforms) = preSolution
		Debug|Any CPU = Debug|Any CPU
		Release|Any CPU = Release|Any CPU
	EndGlobalSection
	GlobalSection(ProjectConfigurationPlatforms) = postSolution
		{C807AF94-C84F-CEAD-ED35-11784D0637D5}.Debug|Any CPU.ActiveCfg = Debug|Any CPU
		{C807AF94-C84F-CEAD-ED35-11784D0637D5}.Debug|Any CPU.Build.0 = Debug|Any CPU
		{C807AF94-C84F-CEAD-ED35-11784D0637D5}.Release|Any CPU.ActiveCfg = Release|Any CPU
		{C807AF94-C84F-CEAD-ED35-11784D0637D5}.Release|Any CPU.Build.0 = Release|Any CPU
	EndGlobalSection
	GlobalSection(SolutionProperties) = preSolution
		HideSolutionNode = FALSE
	EndGlobalSection
	GlobalSection(ExtensibilityGlobals) = postSolution
		SolutionGuid = {C5BD904D-E1BA-49D5-8224-60037002C577}
	EndGlobalSection
EndGlobal
